// !$*UTF8*$!
{
	archiveVersion = 1;
	classes = {
	};
	objectVersion = 50;
	objects = {

/* Begin PBXBuildFile section */
		87918B61259666400087506D /* NewsViewController.swift in Sources */ = {isa = PBXBuildFile; fileRef = 87918B60259666400087506D /* NewsViewController.swift */; };
		87918B66259666D00087506D /* NewsCell.swift in Sources */ = {isa = PBXBuildFile; fileRef = 87918B64259666D00087506D /* NewsCell.swift */; };
		87918B67259666D00087506D /* NewsCell.xib in Resources */ = {isa = PBXBuildFile; fileRef = 87918B65259666D00087506D /* NewsCell.xib */; };
		87918B6A25966D540087506D /* News.swift in Sources */ = {isa = PBXBuildFile; fileRef = 87918B6925966D540087506D /* News.swift */; };
		879B9878259292B6009EFDB7 /* CustomHeaderForFriendScreen.swift in Sources */ = {isa = PBXBuildFile; fileRef = 879B9877259292B6009EFDB7 /* CustomHeaderForFriendScreen.swift */; };
		879B988225929915009EFDB7 /* CustomHeaderForFriendScreen.xib in Resources */ = {isa = PBXBuildFile; fileRef = 879B988125929915009EFDB7 /* CustomHeaderForFriendScreen.xib */; };
		879D089425BC9430004562CA /* CommentsViewController.swift in Sources */ = {isa = PBXBuildFile; fileRef = 879D089325BC9430004562CA /* CommentsViewController.swift */; };
		879D089825BC976A004562CA /* CommentCell.swift in Sources */ = {isa = PBXBuildFile; fileRef = 879D089625BC976A004562CA /* CommentCell.swift */; };
		879D089925BC976A004562CA /* CommentCell.xib in Resources */ = {isa = PBXBuildFile; fileRef = 879D089725BC976A004562CA /* CommentCell.xib */; };
		879F80AA257FDFA0002218CA /* GroupsTableViewController.swift in Sources */ = {isa = PBXBuildFile; fileRef = 879F80A9257FDFA0002218CA /* GroupsTableViewController.swift */; };
		879F80AD257FE2E7002218CA /* AllGroupsTableViewController.swift in Sources */ = {isa = PBXBuildFile; fileRef = 879F80AC257FE2E7002218CA /* AllGroupsTableViewController.swift */; };
		879F8D9F25C4B2190044B7FD /* Session.swift in Sources */ = {isa = PBXBuildFile; fileRef = 879F8D9E25C4B2190044B7FD /* Session.swift */; };
		879FCDBC25A49D0400A46564 /* CustomInteractiveTransition.swift in Sources */ = {isa = PBXBuildFile; fileRef = 879FCDBB25A49D0400A46564 /* CustomInteractiveTransition.swift */; };
		87A034C6257C300600ECB9DF /* FriendsTableViewController.swift in Sources */ = {isa = PBXBuildFile; fileRef = 87A034C5257C300600ECB9DF /* FriendsTableViewController.swift */; };
		87A125D525A385100048BD5F /* CustomPushAnimator.swift in Sources */ = {isa = PBXBuildFile; fileRef = 87A125D425A385100048BD5F /* CustomPushAnimator.swift */; };
		87A125DA25A390C40048BD5F /* CustomPopAnimator.swift in Sources */ = {isa = PBXBuildFile; fileRef = 87A125D925A390C40048BD5F /* CustomPopAnimator.swift */; };
		87A125DE25A392C50048BD5F /* CustomNavigationController.swift in Sources */ = {isa = PBXBuildFile; fileRef = 87A125DD25A392C50048BD5F /* CustomNavigationController.swift */; };
		87A22C2125796A03007AC557 /* AppDelegate.swift in Sources */ = {isa = PBXBuildFile; fileRef = 87A22C2025796A03007AC557 /* AppDelegate.swift */; };
		87A22C2325796A03007AC557 /* SceneDelegate.swift in Sources */ = {isa = PBXBuildFile; fileRef = 87A22C2225796A03007AC557 /* SceneDelegate.swift */; };
		87A22C2525796A03007AC557 /* AuthScreen.swift in Sources */ = {isa = PBXBuildFile; fileRef = 87A22C2425796A03007AC557 /* AuthScreen.swift */; };
		87A22C2825796A03007AC557 /* Main.storyboard in Resources */ = {isa = PBXBuildFile; fileRef = 87A22C2625796A03007AC557 /* Main.storyboard */; };
		87A22C2A25796A05007AC557 /* Assets.xcassets in Resources */ = {isa = PBXBuildFile; fileRef = 87A22C2925796A05007AC557 /* Assets.xcassets */; };
		87A22C2D25796A05007AC557 /* LaunchScreen.storyboard in Resources */ = {isa = PBXBuildFile; fileRef = 87A22C2B25796A05007AC557 /* LaunchScreen.storyboard */; };
		87A2F412259F3F40005D818B /* BlackPhotoSceneForImagesViewController.swift in Sources */ = {isa = PBXBuildFile; fileRef = 87A2F411259F3F40005D818B /* BlackPhotoSceneForImagesViewController.swift */; };
		87A454E1258FA7980014CD95 /* CustomCellForFriendsAndGroups.swift in Sources */ = {isa = PBXBuildFile; fileRef = 87A454DF258FA7980014CD95 /* CustomCellForFriendsAndGroups.swift */; };
		87A454E2258FA7980014CD95 /* CustomCellForFriendsAndGroups.xib in Resources */ = {isa = PBXBuildFile; fileRef = 87A454E0258FA7980014CD95 /* CustomCellForFriendsAndGroups.xib */; };
		87AA6B38258BD5C300F7C515 /* ImageCell.xib in Resources */ = {isa = PBXBuildFile; fileRef = 87AA6B37258BD5C300F7C515 /* ImageCell.xib */; };
		87AE8B292583D68A007DF0CD /* UserData.swift in Sources */ = {isa = PBXBuildFile; fileRef = 87AE8B282583D68A007DF0CD /* UserData.swift */; };
		87AE8B2F2583E9EC007DF0CD /* ImagesViewController.swift in Sources */ = {isa = PBXBuildFile; fileRef = 87AE8B2E2583E9EC007DF0CD /* ImagesViewController.swift */; };
		87AE8B322583EA4A007DF0CD /* ImageCell.swift in Sources */ = {isa = PBXBuildFile; fileRef = 87AE8B312583EA4A007DF0CD /* ImageCell.swift */; };
		87AE8B3525841145007DF0CD /* GroupData.swift in Sources */ = {isa = PBXBuildFile; fileRef = 87AE8B3425841145007DF0CD /* GroupData.swift */; };
/* End PBXBuildFile section */

/* Begin PBXFileReference section */
		87918B60259666400087506D /* NewsViewController.swift */ = {isa = PBXFileReference; lastKnownFileType = sourcecode.swift; path = NewsViewController.swift; sourceTree = "<group>"; };
		87918B64259666D00087506D /* NewsCell.swift */ = {isa = PBXFileReference; lastKnownFileType = sourcecode.swift; path = NewsCell.swift; sourceTree = "<group>"; };
		87918B65259666D00087506D /* NewsCell.xib */ = {isa = PBXFileReference; lastKnownFileType = file.xib; path = NewsCell.xib; sourceTree = "<group>"; };
		87918B6925966D540087506D /* News.swift */ = {isa = PBXFileReference; lastKnownFileType = sourcecode.swift; path = News.swift; sourceTree = "<group>"; };
		879B9877259292B6009EFDB7 /* CustomHeaderForFriendScreen.swift */ = {isa = PBXFileReference; lastKnownFileType = sourcecode.swift; path = CustomHeaderForFriendScreen.swift; sourceTree = "<group>"; };
		879B988125929915009EFDB7 /* CustomHeaderForFriendScreen.xib */ = {isa = PBXFileReference; lastKnownFileType = file.xib; path = CustomHeaderForFriendScreen.xib; sourceTree = "<group>"; };
		879D089325BC9430004562CA /* CommentsViewController.swift */ = {isa = PBXFileReference; lastKnownFileType = sourcecode.swift; path = CommentsViewController.swift; sourceTree = "<group>"; };
		879D089625BC976A004562CA /* CommentCell.swift */ = {isa = PBXFileReference; lastKnownFileType = sourcecode.swift; path = CommentCell.swift; sourceTree = "<group>"; };
		879D089725BC976A004562CA /* CommentCell.xib */ = {isa = PBXFileReference; lastKnownFileType = file.xib; path = CommentCell.xib; sourceTree = "<group>"; };
		879F80A9257FDFA0002218CA /* GroupsTableViewController.swift */ = {isa = PBXFileReference; lastKnownFileType = sourcecode.swift; path = GroupsTableViewController.swift; sourceTree = "<group>"; };
		879F80AC257FE2E7002218CA /* AllGroupsTableViewController.swift */ = {isa = PBXFileReference; lastKnownFileType = sourcecode.swift; path = AllGroupsTableViewController.swift; sourceTree = "<group>"; };
		879F8D9E25C4B2190044B7FD /* Session.swift */ = {isa = PBXFileReference; lastKnownFileType = sourcecode.swift; path = Session.swift; sourceTree = "<group>"; };
		879FCDBB25A49D0400A46564 /* CustomInteractiveTransition.swift */ = {isa = PBXFileReference; lastKnownFileType = sourcecode.swift; path = CustomInteractiveTransition.swift; sourceTree = "<group>"; };
		87A034C5257C300600ECB9DF /* FriendsTableViewController.swift */ = {isa = PBXFileReference; lastKnownFileType = sourcecode.swift; path = FriendsTableViewController.swift; sourceTree = "<group>"; };
		87A125D425A385100048BD5F /* CustomPushAnimator.swift */ = {isa = PBXFileReference; lastKnownFileType = sourcecode.swift; name = CustomPushAnimator.swift; path = "../Custom Transition Animations/CustomPushAnimator.swift"; sourceTree = "<group>"; };
		87A125D925A390C40048BD5F /* CustomPopAnimator.swift */ = {isa = PBXFileReference; lastKnownFileType = sourcecode.swift; path = CustomPopAnimator.swift; sourceTree = "<group>"; };
		87A125DD25A392C50048BD5F /* CustomNavigationController.swift */ = {isa = PBXFileReference; lastKnownFileType = sourcecode.swift; path = CustomNavigationController.swift; sourceTree = "<group>"; };
		87A22C1D25796A03007AC557 /* AuthApp.app */ = {isa = PBXFileReference; explicitFileType = wrapper.application; includeInIndex = 0; path = AuthApp.app; sourceTree = BUILT_PRODUCTS_DIR; };
		87A22C2025796A03007AC557 /* AppDelegate.swift */ = {isa = PBXFileReference; lastKnownFileType = sourcecode.swift; path = AppDelegate.swift; sourceTree = "<group>"; };
		87A22C2225796A03007AC557 /* SceneDelegate.swift */ = {isa = PBXFileReference; lastKnownFileType = sourcecode.swift; path = SceneDelegate.swift; sourceTree = "<group>"; };
		87A22C2425796A03007AC557 /* AuthScreen.swift */ = {isa = PBXFileReference; lastKnownFileType = sourcecode.swift; path = AuthScreen.swift; sourceTree = "<group>"; };
		87A22C2725796A03007AC557 /* Base */ = {isa = PBXFileReference; lastKnownFileType = file.storyboard; name = Base; path = Base.lproj/Main.storyboard; sourceTree = "<group>"; };
		87A22C2925796A05007AC557 /* Assets.xcassets */ = {isa = PBXFileReference; lastKnownFileType = folder.assetcatalog; path = Assets.xcassets; sourceTree = "<group>"; };
		87A22C2C25796A05007AC557 /* Base */ = {isa = PBXFileReference; lastKnownFileType = file.storyboard; name = Base; path = Base.lproj/LaunchScreen.storyboard; sourceTree = "<group>"; };
		87A22C2E25796A05007AC557 /* Info.plist */ = {isa = PBXFileReference; lastKnownFileType = text.plist.xml; path = Info.plist; sourceTree = "<group>"; };
		87A2F411259F3F40005D818B /* BlackPhotoSceneForImagesViewController.swift */ = {isa = PBXFileReference; lastKnownFileType = sourcecode.swift; path = BlackPhotoSceneForImagesViewController.swift; sourceTree = "<group>"; };
		87A454DF258FA7980014CD95 /* CustomCellForFriendsAndGroups.swift */ = {isa = PBXFileReference; lastKnownFileType = sourcecode.swift; path = CustomCellForFriendsAndGroups.swift; sourceTree = "<group>"; };
		87A454E0258FA7980014CD95 /* CustomCellForFriendsAndGroups.xib */ = {isa = PBXFileReference; lastKnownFileType = file.xib; path = CustomCellForFriendsAndGroups.xib; sourceTree = "<group>"; };
		87AA6B37258BD5C300F7C515 /* ImageCell.xib */ = {isa = PBXFileReference; lastKnownFileType = file.xib; path = ImageCell.xib; sourceTree = "<group>"; };
		87AE8B282583D68A007DF0CD /* UserData.swift */ = {isa = PBXFileReference; lastKnownFileType = sourcecode.swift; path = UserData.swift; sourceTree = "<group>"; };
		87AE8B2E2583E9EC007DF0CD /* ImagesViewController.swift */ = {isa = PBXFileReference; lastKnownFileType = sourcecode.swift; path = ImagesViewController.swift; sourceTree = "<group>"; };
		87AE8B312583EA4A007DF0CD /* ImageCell.swift */ = {isa = PBXFileReference; lastKnownFileType = sourcecode.swift; path = ImageCell.swift; sourceTree = "<group>"; };
		87AE8B3425841145007DF0CD /* GroupData.swift */ = {isa = PBXFileReference; lastKnownFileType = sourcecode.swift; path = GroupData.swift; sourceTree = "<group>"; };
/* End PBXFileReference section */

/* Begin PBXFrameworksBuildPhase section */
		87A22C1A25796A03007AC557 /* Frameworks */ = {
			isa = PBXFrameworksBuildPhase;
			buildActionMask = 2147483647;
			files = (
			);
			runOnlyForDeploymentPostprocessing = 0;
		};
/* End PBXFrameworksBuildPhase section */

/* Begin PBXGroup section */
		87918B5F259666190087506D /* News */ = {
			isa = PBXGroup;
			children = (
				87918B60259666400087506D /* NewsViewController.swift */,
				879D089325BC9430004562CA /* CommentsViewController.swift */,
			);
			path = News;
			sourceTree = "<group>";
		};
		879F8D9D25C4B1F30044B7FD /* Entities */ = {
			isa = PBXGroup;
			children = (
				879F8D9E25C4B2190044B7FD /* Session.swift */,
			);
			path = Entities;
			sourceTree = "<group>";
		};
		87A015DB25891BBA00281D5C /* CustomCells */ = {
			isa = PBXGroup;
			children = (
				87AA6B37258BD5C300F7C515 /* ImageCell.xib */,
				87AE8B312583EA4A007DF0CD /* ImageCell.swift */,
				87A454E0258FA7980014CD95 /* CustomCellForFriendsAndGroups.xib */,
				87A454DF258FA7980014CD95 /* CustomCellForFriendsAndGroups.swift */,
				879B988125929915009EFDB7 /* CustomHeaderForFriendScreen.xib */,
				879B9877259292B6009EFDB7 /* CustomHeaderForFriendScreen.swift */,
				87918B65259666D00087506D /* NewsCell.xib */,
				87918B64259666D00087506D /* NewsCell.swift */,
				879D089625BC976A004562CA /* CommentCell.swift */,
				879D089725BC976A004562CA /* CommentCell.xib */,
			);
			path = CustomCells;
			sourceTree = "<group>";
		};
		87A22C1425796A03007AC557 = {
			isa = PBXGroup;
			children = (
				87A22C1F25796A03007AC557 /* AuthApp */,
				87A22C1E25796A03007AC557 /* Products */,
			);
			sourceTree = "<group>";
		};
		87A22C1E25796A03007AC557 /* Products */ = {
			isa = PBXGroup;
			children = (
				87A22C1D25796A03007AC557 /* AuthApp.app */,
			);
			name = Products;
			sourceTree = "<group>";
		};
		87A22C1F25796A03007AC557 /* AuthApp */ = {
			isa = PBXGroup;
			children = (
				879F8D9D25C4B1F30044B7FD /* Entities */,
				87918B5F259666190087506D /* News */,
				87A454EA258FE53C0014CD95 /* Groups */,
				87A454E8258FE4F00014CD95 /* FriendsAndPhotos */,
				87A015DB25891BBA00281D5C /* CustomCells */,
				87AE8B272583D673007DF0CD /* Model */,
				87A22C2025796A03007AC557 /* AppDelegate.swift */,
				87A22C2225796A03007AC557 /* SceneDelegate.swift */,
				87A22C2425796A03007AC557 /* AuthScreen.swift */,
				87A22C2625796A03007AC557 /* Main.storyboard */,
				87A22C2925796A05007AC557 /* Assets.xcassets */,
				87A22C2B25796A05007AC557 /* LaunchScreen.storyboard */,
				87A22C2E25796A05007AC557 /* Info.plist */,
			);
			path = AuthApp;
			sourceTree = "<group>";
		};
		87A454E8258FE4F00014CD95 /* FriendsAndPhotos */ = {
			isa = PBXGroup;
			children = (
				87AE8B2E2583E9EC007DF0CD /* ImagesViewController.swift */,
				87A034C5257C300600ECB9DF /* FriendsTableViewController.swift */,
				87A125D425A385100048BD5F /* CustomPushAnimator.swift */,
				87A125D925A390C40048BD5F /* CustomPopAnimator.swift */,
				87A2F411259F3F40005D818B /* BlackPhotoSceneForImagesViewController.swift */,
				87A125DD25A392C50048BD5F /* CustomNavigationController.swift */,
				879FCDBB25A49D0400A46564 /* CustomInteractiveTransition.swift */,
			);
			path = FriendsAndPhotos;
			sourceTree = "<group>";
		};
		87A454EA258FE53C0014CD95 /* Groups */ = {
			isa = PBXGroup;
			children = (
				879F80AC257FE2E7002218CA /* AllGroupsTableViewController.swift */,
				879F80A9257FDFA0002218CA /* GroupsTableViewController.swift */,
			);
			path = Groups;
			sourceTree = "<group>";
		};
		87AE8B272583D673007DF0CD /* Model */ = {
			isa = PBXGroup;
			children = (
				87AE8B282583D68A007DF0CD /* UserData.swift */,
				87AE8B3425841145007DF0CD /* GroupData.swift */,
				87918B6925966D540087506D /* News.swift */,
			);
			path = Model;
			sourceTree = "<group>";
		};
/* End PBXGroup section */

/* Begin PBXNativeTarget section */
		87A22C1C25796A03007AC557 /* AuthApp */ = {
			isa = PBXNativeTarget;
			buildConfigurationList = 87A22C3125796A05007AC557 /* Build configuration list for PBXNativeTarget "AuthApp" */;
			buildPhases = (
				87A22C1925796A03007AC557 /* Sources */,
				87A22C1A25796A03007AC557 /* Frameworks */,
				87A22C1B25796A03007AC557 /* Resources */,
			);
			buildRules = (
			);
			dependencies = (
			);
			name = AuthApp;
			productName = AuthApp;
			productReference = 87A22C1D25796A03007AC557 /* AuthApp.app */;
			productType = "com.apple.product-type.application";
		};
/* End PBXNativeTarget section */

/* Begin PBXProject section */
		87A22C1525796A03007AC557 /* Project object */ = {
			isa = PBXProject;
			attributes = {
				LastSwiftUpdateCheck = 1220;
				LastUpgradeCheck = 1220;
				TargetAttributes = {
					87A22C1C25796A03007AC557 = {
						CreatedOnToolsVersion = 12.2;
					};
				};
			};
			buildConfigurationList = 87A22C1825796A03007AC557 /* Build configuration list for PBXProject "AuthApp" */;
			compatibilityVersion = "Xcode 9.3";
			developmentRegion = en;
			hasScannedForEncodings = 0;
			knownRegions = (
				en,
				Base,
			);
			mainGroup = 87A22C1425796A03007AC557;
			productRefGroup = 87A22C1E25796A03007AC557 /* Products */;
			projectDirPath = "";
			projectRoot = "";
			targets = (
				87A22C1C25796A03007AC557 /* AuthApp */,
			);
		};
/* End PBXProject section */

/* Begin PBXResourcesBuildPhase section */
		87A22C1B25796A03007AC557 /* Resources */ = {
			isa = PBXResourcesBuildPhase;
			buildActionMask = 2147483647;
			files = (
				87A22C2D25796A05007AC557 /* LaunchScreen.storyboard in Resources */,
				879B988225929915009EFDB7 /* CustomHeaderForFriendScreen.xib in Resources */,
				87918B67259666D00087506D /* NewsCell.xib in Resources */,
				879D089925BC976A004562CA /* CommentCell.xib in Resources */,
				87A22C2A25796A05007AC557 /* Assets.xcassets in Resources */,
				87A22C2825796A03007AC557 /* Main.storyboard in Resources */,
				87AA6B38258BD5C300F7C515 /* ImageCell.xib in Resources */,
				87A454E2258FA7980014CD95 /* CustomCellForFriendsAndGroups.xib in Resources */,
			);
			runOnlyForDeploymentPostprocessing = 0;
		};
/* End PBXResourcesBuildPhase section */

/* Begin PBXSourcesBuildPhase section */
		87A22C1925796A03007AC557 /* Sources */ = {
			isa = PBXSourcesBuildPhase;
			buildActionMask = 2147483647;
			files = (
				87A454E1258FA7980014CD95 /* CustomCellForFriendsAndGroups.swift in Sources */,
				87AE8B3525841145007DF0CD /* GroupData.swift in Sources */,
				879D089425BC9430004562CA /* CommentsViewController.swift in Sources */,
				879D089825BC976A004562CA /* CommentCell.swift in Sources */,
				87AE8B2F2583E9EC007DF0CD /* ImagesViewController.swift in Sources */,
				87A125DA25A390C40048BD5F /* CustomPopAnimator.swift in Sources */,
				87918B6A25966D540087506D /* News.swift in Sources */,
				879F80AD257FE2E7002218CA /* AllGroupsTableViewController.swift in Sources */,
				87A125D525A385100048BD5F /* CustomPushAnimator.swift in Sources */,
				879B9878259292B6009EFDB7 /* CustomHeaderForFriendScreen.swift in Sources */,
				879FCDBC25A49D0400A46564 /* CustomInteractiveTransition.swift in Sources */,
				87A22C2525796A03007AC557 /* AuthScreen.swift in Sources */,
				87918B61259666400087506D /* NewsViewController.swift in Sources */,
				87A2F412259F3F40005D818B /* BlackPhotoSceneForImagesViewController.swift in Sources */,
				87A22C2125796A03007AC557 /* AppDelegate.swift in Sources */,
				87A034C6257C300600ECB9DF /* FriendsTableViewController.swift in Sources */,
				879F80AA257FDFA0002218CA /* GroupsTableViewController.swift in Sources */,
				87918B66259666D00087506D /* NewsCell.swift in Sources */,
				87AE8B292583D68A007DF0CD /* UserData.swift in Sources */,
				879F8D9F25C4B2190044B7FD /* Session.swift in Sources */,
				87A22C2325796A03007AC557 /* SceneDelegate.swift in Sources */,
				87A125DE25A392C50048BD5F /* CustomNavigationController.swift in Sources */,
				87AE8B322583EA4A007DF0CD /* ImageCell.swift in Sources */,
			);
			runOnlyForDeploymentPostprocessing = 0;
		};
/* End PBXSourcesBuildPhase section */

/* Begin PBXVariantGroup section */
		87A22C2625796A03007AC557 /* Main.storyboard */ = {
			isa = PBXVariantGroup;
			children = (
				87A22C2725796A03007AC557 /* Base */,
			);
			name = Main.storyboard;
			sourceTree = "<group>";
		};
		87A22C2B25796A05007AC557 /* LaunchScreen.storyboard */ = {
			isa = PBXVariantGroup;
			children = (
				87A22C2C25796A05007AC557 /* Base */,
			);
			name = LaunchScreen.storyboard;
			sourceTree = "<group>";
		};
/* End PBXVariantGroup section */

/* Begin XCBuildConfiguration section */
		87A22C2F25796A05007AC557 /* Debug */ = {
			isa = XCBuildConfiguration;
			buildSettings = {
				ALWAYS_SEARCH_USER_PATHS = NO;
				CLANG_ANALYZER_NONNULL = YES;
				CLANG_ANALYZER_NUMBER_OBJECT_CONVERSION = YES_AGGRESSIVE;
				CLANG_CXX_LANGUAGE_STANDARD = "gnu++14";
				CLANG_CXX_LIBRARY = "libc++";
				CLANG_ENABLE_MODULES = YES;
				CLANG_ENABLE_OBJC_ARC = YES;
				CLANG_ENABLE_OBJC_WEAK = YES;
				CLANG_WARN_BLOCK_CAPTURE_AUTORELEASING = YES;
				CLANG_WARN_BOOL_CONVERSION = YES;
				CLANG_WARN_COMMA = YES;
				CLANG_WARN_CONSTANT_CONVERSION = YES;
				CLANG_WARN_DEPRECATED_OBJC_IMPLEMENTATIONS = YES;
				CLANG_WARN_DIRECT_OBJC_ISA_USAGE = YES_ERROR;
				CLANG_WARN_DOCUMENTATION_COMMENTS = YES;
				CLANG_WARN_EMPTY_BODY = YES;
				CLANG_WARN_ENUM_CONVERSION = YES;
				CLANG_WARN_INFINITE_RECURSION = YES;
				CLANG_WARN_INT_CONVERSION = YES;
				CLANG_WARN_NON_LITERAL_NULL_CONVERSION = YES;
				CLANG_WARN_OBJC_IMPLICIT_RETAIN_SELF = YES;
				CLANG_WARN_OBJC_LITERAL_CONVERSION = YES;
				CLANG_WARN_OBJC_ROOT_CLASS = YES_ERROR;
				CLANG_WARN_QUOTED_INCLUDE_IN_FRAMEWORK_HEADER = YES;
				CLANG_WARN_RANGE_LOOP_ANALYSIS = YES;
				CLANG_WARN_STRICT_PROTOTYPES = YES;
				CLANG_WARN_SUSPICIOUS_MOVE = YES;
				CLANG_WARN_UNGUARDED_AVAILABILITY = YES_AGGRESSIVE;
				CLANG_WARN_UNREACHABLE_CODE = YES;
				CLANG_WARN__DUPLICATE_METHOD_MATCH = YES;
				COPY_PHASE_STRIP = NO;
				DEBUG_INFORMATION_FORMAT = dwarf;
				ENABLE_STRICT_OBJC_MSGSEND = YES;
				ENABLE_TESTABILITY = YES;
				GCC_C_LANGUAGE_STANDARD = gnu11;
				GCC_DYNAMIC_NO_PIC = NO;
				GCC_NO_COMMON_BLOCKS = YES;
				GCC_OPTIMIZATION_LEVEL = 0;
				GCC_PREPROCESSOR_DEFINITIONS = (
					"DEBUG=1",
					"$(inherited)",
				);
				GCC_WARN_64_TO_32_BIT_CONVERSION = YES;
				GCC_WARN_ABOUT_RETURN_TYPE = YES_ERROR;
				GCC_WARN_UNDECLARED_SELECTOR = YES;
				GCC_WARN_UNINITIALIZED_AUTOS = YES_AGGRESSIVE;
				GCC_WARN_UNUSED_FUNCTION = YES;
				GCC_WARN_UNUSED_VARIABLE = YES;
				IPHONEOS_DEPLOYMENT_TARGET = 14.2;
				MTL_ENABLE_DEBUG_INFO = INCLUDE_SOURCE;
				MTL_FAST_MATH = YES;
				ONLY_ACTIVE_ARCH = YES;
				SDKROOT = iphoneos;
				SWIFT_ACTIVE_COMPILATION_CONDITIONS = DEBUG;
				SWIFT_OPTIMIZATION_LEVEL = "-Onone";
			};
			name = Debug;
		};
		87A22C3025796A05007AC557 /* Release */ = {
			isa = XCBuildConfiguration;
			buildSettings = {
				ALWAYS_SEARCH_USER_PATHS = NO;
				CLANG_ANALYZER_NONNULL = YES;
				CLANG_ANALYZER_NUMBER_OBJECT_CONVERSION = YES_AGGRESSIVE;
				CLANG_CXX_LANGUAGE_STANDARD = "gnu++14";
				CLANG_CXX_LIBRARY = "libc++";
				CLANG_ENABLE_MODULES = YES;
				CLANG_ENABLE_OBJC_ARC = YES;
				CLANG_ENABLE_OBJC_WEAK = YES;
				CLANG_WARN_BLOCK_CAPTURE_AUTORELEASING = YES;
				CLANG_WARN_BOOL_CONVERSION = YES;
				CLANG_WARN_COMMA = YES;
				CLANG_WARN_CONSTANT_CONVERSION = YES;
				CLANG_WARN_DEPRECATED_OBJC_IMPLEMENTATIONS = YES;
				CLANG_WARN_DIRECT_OBJC_ISA_USAGE = YES_ERROR;
				CLANG_WARN_DOCUMENTATION_COMMENTS = YES;
				CLANG_WARN_EMPTY_BODY = YES;
				CLANG_WARN_ENUM_CONVERSION = YES;
				CLANG_WARN_INFINITE_RECURSION = YES;
				CLANG_WARN_INT_CONVERSION = YES;
				CLANG_WARN_NON_LITERAL_NULL_CONVERSION = YES;
				CLANG_WARN_OBJC_IMPLICIT_RETAIN_SELF = YES;
				CLANG_WARN_OBJC_LITERAL_CONVERSION = YES;
				CLANG_WARN_OBJC_ROOT_CLASS = YES_ERROR;
				CLANG_WARN_QUOTED_INCLUDE_IN_FRAMEWORK_HEADER = YES;
				CLANG_WARN_RANGE_LOOP_ANALYSIS = YES;
				CLANG_WARN_STRICT_PROTOTYPES = YES;
				CLANG_WARN_SUSPICIOUS_MOVE = YES;
				CLANG_WARN_UNGUARDED_AVAILABILITY = YES_AGGRESSIVE;
				CLANG_WARN_UNREACHABLE_CODE = YES;
				CLANG_WARN__DUPLICATE_METHOD_MATCH = YES;
				COPY_PHASE_STRIP = NO;
				DEBUG_INFORMATION_FORMAT = "dwarf-with-dsym";
				ENABLE_NS_ASSERTIONS = NO;
				ENABLE_STRICT_OBJC_MSGSEND = YES;
				GCC_C_LANGUAGE_STANDARD = gnu11;
				GCC_NO_COMMON_BLOCKS = YES;
				GCC_WARN_64_TO_32_BIT_CONVERSION = YES;
				GCC_WARN_ABOUT_RETURN_TYPE = YES_ERROR;
				GCC_WARN_UNDECLARED_SELECTOR = YES;
				GCC_WARN_UNINITIALIZED_AUTOS = YES_AGGRESSIVE;
				GCC_WARN_UNUSED_FUNCTION = YES;
				GCC_WARN_UNUSED_VARIABLE = YES;
				IPHONEOS_DEPLOYMENT_TARGET = 14.2;
				MTL_ENABLE_DEBUG_INFO = NO;
				MTL_FAST_MATH = YES;
				SDKROOT = iphoneos;
				SWIFT_COMPILATION_MODE = wholemodule;
				SWIFT_OPTIMIZATION_LEVEL = "-O";
				VALIDATE_PRODUCT = YES;
			};
			name = Release;
		};
		87A22C3225796A05007AC557 /* Debug */ = {
			isa = XCBuildConfiguration;
			buildSettings = {
				ASSETCATALOG_COMPILER_APPICON_NAME = AppIcon;
				ASSETCATALOG_COMPILER_GLOBAL_ACCENT_COLOR_NAME = AccentColor;
				CODE_SIGN_STYLE = Automatic;
				DEVELOPMENT_TEAM = 86AL64T42Q;
				INFOPLIST_FILE = AuthApp/Info.plist;
				LD_RUNPATH_SEARCH_PATHS = (
					"$(inherited)",
					"@executable_path/Frameworks",
				);
				PRODUCT_BUNDLE_IDENTIFIER = com.appsswift.AuthApp;
				PRODUCT_NAME = "$(TARGET_NAME)";
				SWIFT_VERSION = 5.0;
				TARGETED_DEVICE_FAMILY = "1,2";
			};
			name = Debug;
		};
		87A22C3325796A05007AC557 /* Release */ = {
			isa = XCBuildConfiguration;
			buildSettings = {
				ASSETCATALOG_COMPILER_APPICON_NAME = AppIcon;
				ASSETCATALOG_COMPILER_GLOBAL_ACCENT_COLOR_NAME = AccentColor;
				CODE_SIGN_STYLE = Automatic;
				DEVELOPMENT_TEAM = 86AL64T42Q;
				INFOPLIST_FILE = AuthApp/Info.plist;
				LD_RUNPATH_SEARCH_PATHS = (
					"$(inherited)",
					"@executable_path/Frameworks",
				);
				PRODUCT_BUNDLE_IDENTIFIER = com.appsswift.AuthApp;
				PRODUCT_NAME = "$(TARGET_NAME)";
				SWIFT_VERSION = 5.0;
				TARGETED_DEVICE_FAMILY = "1,2";
			};
			name = Release;
		};
/* End XCBuildConfiguration section */

/* Begin XCConfigurationList section */
		87A22C1825796A03007AC557 /* Build configuration list for PBXProject "AuthApp" */ = {
			isa = XCConfigurationList;
			buildConfigurations = (
				87A22C2F25796A05007AC557 /* Debug */,
				87A22C3025796A05007AC557 /* Release */,
			);
			defaultConfigurationIsVisible = 0;
			defaultConfigurationName = Release;
		};
		87A22C3125796A05007AC557 /* Build configuration list for PBXNativeTarget "AuthApp" */ = {
			isa = XCConfigurationList;
			buildConfigurations = (
				87A22C3225796A05007AC557 /* Debug */,
				87A22C3325796A05007AC557 /* Release */,
			);
			defaultConfigurationIsVisible = 0;
			defaultConfigurationName = Release;
		};
/* End XCConfigurationList section */
	};
	rootObject = 87A22C1525796A03007AC557 /* Project object */;
}
